
Microsoft Visual Studio Solution File, Format Version 12.00
# Visual Studio Version 17
VisualStudioVersion = 17.3.32901.215
MinimumVisualStudioVersion = 10.0.40219.1
Project("{FAE04EC0-301F-11D3-BF4B-00C04F79EFBC}") = "EFCorePeliculas", "EFCorePeliculas\EFCorePeliculas.csproj", "{B1B3908F-B106-404E-8706-E545CCB53888}"
EndProject
Global
	GlobalSection(SolutionConfigurationPlatforms) = preSolution
		Debug|Any CPU = Debug|Any CPU
		Release|Any CPU = Release|Any CPU
	EndGlobalSection
	GlobalSection(ProjectConfigurationPlatforms) = postSolution
		{B1B3908F-B106-404E-8706-E545CCB53888}.Debug|Any CPU.ActiveCfg = Debug|Any CPU
		{B1B3908F-B106-404E-8706-E545CCB53888}.Debug|Any CPU.Build.0 = Debug|Any CPU
		{B1B3908F-B106-404E-8706-E545CCB53888}.Release|Any CPU.ActiveCfg = Release|Any CPU
		{B1B3908F-B106-404E-8706-E545CCB53888}.Release|Any CPU.Build.0 = Release|Any CPU
	EndGlobalSection
	GlobalSection(SolutionProperties) = preSolution
		HideSolutionNode = FALSE
	EndGlobalSection
	GlobalSection(ExtensibilityGlobals) = postSolution
		SolutionGuid = {2914D360-42B6-4713-A975-643F68593642}
	EndGlobalSection
EndGlobal
